
Microsoft Visual Studio Solution File, Format Version 12.00
# Visual Studio Version 16
VisualStudioVersion = 16.0.31515.178
MinimumVisualStudioVersion = 10.0.40219.1
Project("{FAE04EC0-301F-11D3-BF4B-00C04F79EFBC}") = "NguyensVases", "NguyensVases\NguyensVases.csproj", "{3B7F2E26-0AD9-4B3D-AA9A-EB9AD2025476}"
EndProject
Global
	GlobalSection(SolutionConfigurationPlatforms) = preSolution
		Debug|Any CPU = Debug|Any CPU
		Release|Any CPU = Release|Any CPU
	EndGlobalSection
	GlobalSection(ProjectConfigurationPlatforms) = postSolution
		{3B7F2E26-0AD9-4B3D-AA9A-EB9AD2025476}.Debug|Any CPU.ActiveCfg = Debug|Any CPU
		{3B7F2E26-0AD9-4B3D-AA9A-EB9AD2025476}.Debug|Any CPU.Build.0 = Debug|Any CPU
		{3B7F2E26-0AD9-4B3D-AA9A-EB9AD2025476}.Release|Any CPU.ActiveCfg = Release|Any CPU
		{3B7F2E26-0AD9-4B3D-AA9A-EB9AD2025476}.Release|Any CPU.Build.0 = Release|Any CPU
	EndGlobalSection
	GlobalSection(SolutionProperties) = preSolution
		HideSolutionNode = FALSE
	EndGlobalSection
	GlobalSection(ExtensibilityGlobals) = postSolution
		SolutionGuid = {CBDEC503-351B-439E-86D6-15DEE078EE78}
	EndGlobalSection
EndGlobal
